
Microsoft Visual Studio Solution File, Format Version 12.00
Project("{FAE04EC0-301F-11D3-BF4B-00C04F79EFBC}") = "IssuesManager.Api", "IssuesManager.Api\IssuesManager.Api.csproj", "{69E3993E-8387-43A1-98F2-81C0FC995FFC}"
EndProject
Project("{FAE04EC0-301F-11D3-BF4B-00C04F79EFBC}") = "IssuesManager.Core", "IssuesManager.Core\IssuesManager.Core.csproj", "{33E99184-AB43-4AD3-BD87-4B43D860C1D3}"
EndProject
Global
	GlobalSection(SolutionConfigurationPlatforms) = preSolution
		Debug|Any CPU = Debug|Any CPU
		Release|Any CPU = Release|Any CPU
	EndGlobalSection
	GlobalSection(ProjectConfigurationPlatforms) = postSolution
		{69E3993E-8387-43A1-98F2-81C0FC995FFC}.Debug|Any CPU.ActiveCfg = Debug|Any CPU
		{69E3993E-8387-43A1-98F2-81C0FC995FFC}.Debug|Any CPU.Build.0 = Debug|Any CPU
		{69E3993E-8387-43A1-98F2-81C0FC995FFC}.Release|Any CPU.ActiveCfg = Release|Any CPU
		{69E3993E-8387-43A1-98F2-81C0FC995FFC}.Release|Any CPU.Build.0 = Release|Any CPU
		{33E99184-AB43-4AD3-BD87-4B43D860C1D3}.Debug|Any CPU.ActiveCfg = Debug|Any CPU
		{33E99184-AB43-4AD3-BD87-4B43D860C1D3}.Debug|Any CPU.Build.0 = Debug|Any CPU
		{33E99184-AB43-4AD3-BD87-4B43D860C1D3}.Release|Any CPU.ActiveCfg = Release|Any CPU
		{33E99184-AB43-4AD3-BD87-4B43D860C1D3}.Release|Any CPU.Build.0 = Release|Any CPU
	EndGlobalSection
EndGlobal
